%{"exprintf": {:git, "git://github.com/parroty/exprintf.git", "5e71122ca40b0a9e0c8d4f57d64a8004b9d007ef", []},
  "hackney": {:hex, :hackney, "1.1.0"},
  "httpoison": {:hex, :httpoison, "0.7.0"},
  "idna": {:hex, :idna, "1.0.2"},
  "poison": {:git, "git://github.com/devinus/poison.git", "1f1f845f66644e3df125ccd9213f687496c4ad16", []},
  "ssl_verify_hostname": {:hex, :ssl_verify_hostname, "1.0.5"}}
